
Microsoft Visual Studio Solution File, Format Version 12.00
# Visual Studio Version 16
VisualStudioVersion = 16.0.30114.105
MinimumVisualStudioVersion = 10.0.40219.1
Project("{2150E333-8FDC-42A3-9474-1A3956D46DE8}") = "src", "src", "{DA7D115E-C2D6-4638-8907-115B2B34D66B}"
EndProject
Project("{FAE04EC0-301F-11D3-BF4B-00C04F79EFBC}") = "Roomex.DistanceCalculator.API", "src\Roomex.DistanceCalculator.API\Roomex.DistanceCalculator.API.csproj", "{E2CDB4E6-FF6E-4854-9080-CC2A9841960A}"
EndProject
Project("{2150E333-8FDC-42A3-9474-1A3956D46DE8}") = "test", "test", "{2D0BD918-FD31-41F9-B579-BC39074BA227}"
EndProject
Project("{2150E333-8FDC-42A3-9474-1A3956D46DE8}") = "unitTest", "unitTest", "{42BA3DC7-242C-44E9-9260-5B364CCBD287}"
EndProject
Project("{FAE04EC0-301F-11D3-BF4B-00C04F79EFBC}") = "Roomex.DistanceCalculator.API.UnitTest", "test\unitTest\Roomex.DistanceCalculator.API.UnitTest\Roomex.DistanceCalculator.API.UnitTest.csproj", "{33E9F94B-E26D-49B2-9175-20638AB24362}"
EndProject
Global
	GlobalSection(SolutionConfigurationPlatforms) = preSolution
		Debug|Any CPU = Debug|Any CPU
		Release|Any CPU = Release|Any CPU
	EndGlobalSection
	GlobalSection(SolutionProperties) = preSolution
		HideSolutionNode = FALSE
	EndGlobalSection
	GlobalSection(ProjectConfigurationPlatforms) = postSolution
		{E2CDB4E6-FF6E-4854-9080-CC2A9841960A}.Debug|Any CPU.ActiveCfg = Debug|Any CPU
		{E2CDB4E6-FF6E-4854-9080-CC2A9841960A}.Debug|Any CPU.Build.0 = Debug|Any CPU
		{E2CDB4E6-FF6E-4854-9080-CC2A9841960A}.Release|Any CPU.ActiveCfg = Release|Any CPU
		{E2CDB4E6-FF6E-4854-9080-CC2A9841960A}.Release|Any CPU.Build.0 = Release|Any CPU
		{33E9F94B-E26D-49B2-9175-20638AB24362}.Debug|Any CPU.ActiveCfg = Debug|Any CPU
		{33E9F94B-E26D-49B2-9175-20638AB24362}.Debug|Any CPU.Build.0 = Debug|Any CPU
		{33E9F94B-E26D-49B2-9175-20638AB24362}.Release|Any CPU.ActiveCfg = Release|Any CPU
		{33E9F94B-E26D-49B2-9175-20638AB24362}.Release|Any CPU.Build.0 = Release|Any CPU
	EndGlobalSection
	GlobalSection(NestedProjects) = preSolution
		{E2CDB4E6-FF6E-4854-9080-CC2A9841960A} = {DA7D115E-C2D6-4638-8907-115B2B34D66B}
		{42BA3DC7-242C-44E9-9260-5B364CCBD287} = {2D0BD918-FD31-41F9-B579-BC39074BA227}
		{33E9F94B-E26D-49B2-9175-20638AB24362} = {42BA3DC7-242C-44E9-9260-5B364CCBD287}
	EndGlobalSection
EndGlobal
